
Microsoft Visual Studio Solution File, Format Version 11.00
# Visual Studio 2010
# SharpDevelop 5.1
Project("{FAE04EC0-301F-11D3-BF4B-00C04F79EFBC}") = "UDPserver", "UDPserver\UDPserver.csproj", "{6DF79909-B9AE-4C51-A671-E95A3A601A00}"
EndProject
Global
	GlobalSection(SolutionConfigurationPlatforms) = preSolution
		Debug|Any CPU = Debug|Any CPU
		Release|Any CPU = Release|Any CPU
	EndGlobalSection
	GlobalSection(ProjectConfigurationPlatforms) = postSolution
		{6DF79909-B9AE-4C51-A671-E95A3A601A00}.Debug|Any CPU.ActiveCfg = Debug|Any CPU
		{6DF79909-B9AE-4C51-A671-E95A3A601A00}.Debug|Any CPU.Build.0 = Debug|Any CPU
		{6DF79909-B9AE-4C51-A671-E95A3A601A00}.Release|Any CPU.ActiveCfg = Release|Any CPU
		{6DF79909-B9AE-4C51-A671-E95A3A601A00}.Release|Any CPU.Build.0 = Release|Any CPU
	EndGlobalSection
EndGlobal
